
Microsoft Visual Studio Solution File, Format Version 12.00
# Visual Studio Version 16
VisualStudioVersion = 16.0.32901.82
MinimumVisualStudioVersion = 10.0.40219.1
Project("{FAE04EC0-301F-11D3-BF4B-00C04F79EFBC}") = "Properties_DeBord_Joshua", "Properties_DeBord_Joshua.csproj", "{56D7C452-35EB-4C77-AA6F-1E140F90E9B8}"
EndProject
Global
	GlobalSection(SolutionConfigurationPlatforms) = preSolution
		Debug|Any CPU = Debug|Any CPU
		Release|Any CPU = Release|Any CPU
	EndGlobalSection
	GlobalSection(ProjectConfigurationPlatforms) = postSolution
		{56D7C452-35EB-4C77-AA6F-1E140F90E9B8}.Debug|Any CPU.ActiveCfg = Debug|Any CPU
		{56D7C452-35EB-4C77-AA6F-1E140F90E9B8}.Debug|Any CPU.Build.0 = Debug|Any CPU
		{56D7C452-35EB-4C77-AA6F-1E140F90E9B8}.Release|Any CPU.ActiveCfg = Release|Any CPU
		{56D7C452-35EB-4C77-AA6F-1E140F90E9B8}.Release|Any CPU.Build.0 = Release|Any CPU
	EndGlobalSection
	GlobalSection(SolutionProperties) = preSolution
		HideSolutionNode = FALSE
	EndGlobalSection
	GlobalSection(ExtensibilityGlobals) = postSolution
		SolutionGuid = {6E2F19C8-A016-4E8D-B1AD-137944BD77E9}
	EndGlobalSection
EndGlobal
